
Microsoft Visual Studio Solution File, Format Version 12.00
# Visual Studio Version 17
VisualStudioVersion = 17.1.32407.343
MinimumVisualStudioVersion = 10.0.40219.1
Project("{8BC9CEB8-8B4A-11D0-8D11-00A0C91BC942}") = "ConsoleApplicationLab", "ConsoleApplicationLab\ConsoleApplicationLab.vcxproj", "{C0EDBC73-FC01-4900-A337-C86A5A735FCA}"
EndProject
Global
	GlobalSection(SolutionConfigurationPlatforms) = preSolution
		Debug|x64 = Debug|x64
		Debug|x86 = Debug|x86
		Release|x64 = Release|x64
		Release|x86 = Release|x86
	EndGlobalSection
	GlobalSection(ProjectConfigurationPlatforms) = postSolution
		{C0EDBC73-FC01-4900-A337-C86A5A735FCA}.Debug|x64.ActiveCfg = Debug|x64
		{C0EDBC73-FC01-4900-A337-C86A5A735FCA}.Debug|x64.Build.0 = Debug|x64
		{C0EDBC73-FC01-4900-A337-C86A5A735FCA}.Debug|x86.ActiveCfg = Debug|Win32
		{C0EDBC73-FC01-4900-A337-C86A5A735FCA}.Debug|x86.Build.0 = Debug|Win32
		{C0EDBC73-FC01-4900-A337-C86A5A735FCA}.Release|x64.ActiveCfg = Release|x64
		{C0EDBC73-FC01-4900-A337-C86A5A735FCA}.Release|x64.Build.0 = Release|x64
		{C0EDBC73-FC01-4900-A337-C86A5A735FCA}.Release|x86.ActiveCfg = Release|Win32
		{C0EDBC73-FC01-4900-A337-C86A5A735FCA}.Release|x86.Build.0 = Release|Win32
	EndGlobalSection
	GlobalSection(SolutionProperties) = preSolution
		HideSolutionNode = FALSE
	EndGlobalSection
	GlobalSection(ExtensibilityGlobals) = postSolution
		SolutionGuid = {290A0EA2-82F9-4536-B0F8-B2898143472A}
	EndGlobalSection
EndGlobal
